
Microsoft Visual Studio Solution File, Format Version 12.00
# Visual Studio Version 17
VisualStudioVersion = 17.6.33829.357
MinimumVisualStudioVersion = 10.0.40219.1
Project("{FAE04EC0-301F-11D3-BF4B-00C04F79EFBC}") = "CleanArchMvc.Domain", "CleanArchMvc.Domain\CleanArchMvc.Domain.csproj", "{202FC829-405A-42EC-804A-4C6105703144}"
EndProject
Project("{FAE04EC0-301F-11D3-BF4B-00C04F79EFBC}") = "CleanArchMvc.Application", "CleanArchMvc.Application\CleanArchMvc.Application.csproj", "{4915F75B-F537-4CB9-BBE9-F6559D5A9CD7}"
EndProject
Project("{FAE04EC0-301F-11D3-BF4B-00C04F79EFBC}") = "CleanArchMvc.Infra.Data", "CleanArchMvc.Infra.Data\CleanArchMvc.Infra.Data.csproj", "{EEA632B4-74CB-4234-B529-C2077CEA1495}"
EndProject
Project("{FAE04EC0-301F-11D3-BF4B-00C04F79EFBC}") = "CleanArchMvc.Infra.IoC", "CleanArchMvc.Infra.IoC\CleanArchMvc.Infra.IoC.csproj", "{1A5F1B50-4049-454B-B0FB-B2A0C6753EC8}"
EndProject
Project("{FAE04EC0-301F-11D3-BF4B-00C04F79EFBC}") = "CleanArchMvc.WebUI", "CleanArchMvc.WebUI\CleanArchMvc.WebUI.csproj", "{0638AB71-F972-4B98-B8F2-F9FF273E618A}"
EndProject
Global
	GlobalSection(SolutionConfigurationPlatforms) = preSolution
		Debug|Any CPU = Debug|Any CPU
		Release|Any CPU = Release|Any CPU
	EndGlobalSection
	GlobalSection(ProjectConfigurationPlatforms) = postSolution
		{202FC829-405A-42EC-804A-4C6105703144}.Debug|Any CPU.ActiveCfg = Debug|Any CPU
		{202FC829-405A-42EC-804A-4C6105703144}.Debug|Any CPU.Build.0 = Debug|Any CPU
		{202FC829-405A-42EC-804A-4C6105703144}.Release|Any CPU.ActiveCfg = Release|Any CPU
		{202FC829-405A-42EC-804A-4C6105703144}.Release|Any CPU.Build.0 = Release|Any CPU
		{4915F75B-F537-4CB9-BBE9-F6559D5A9CD7}.Debug|Any CPU.ActiveCfg = Debug|Any CPU
		{4915F75B-F537-4CB9-BBE9-F6559D5A9CD7}.Debug|Any CPU.Build.0 = Debug|Any CPU
		{4915F75B-F537-4CB9-BBE9-F6559D5A9CD7}.Release|Any CPU.ActiveCfg = Release|Any CPU
		{4915F75B-F537-4CB9-BBE9-F6559D5A9CD7}.Release|Any CPU.Build.0 = Release|Any CPU
		{EEA632B4-74CB-4234-B529-C2077CEA1495}.Debug|Any CPU.ActiveCfg = Debug|Any CPU
		{EEA632B4-74CB-4234-B529-C2077CEA1495}.Debug|Any CPU.Build.0 = Debug|Any CPU
		{EEA632B4-74CB-4234-B529-C2077CEA1495}.Release|Any CPU.ActiveCfg = Release|Any CPU
		{EEA632B4-74CB-4234-B529-C2077CEA1495}.Release|Any CPU.Build.0 = Release|Any CPU
		{1A5F1B50-4049-454B-B0FB-B2A0C6753EC8}.Debug|Any CPU.ActiveCfg = Debug|Any CPU
		{1A5F1B50-4049-454B-B0FB-B2A0C6753EC8}.Debug|Any CPU.Build.0 = Debug|Any CPU
		{1A5F1B50-4049-454B-B0FB-B2A0C6753EC8}.Release|Any CPU.ActiveCfg = Release|Any CPU
		{1A5F1B50-4049-454B-B0FB-B2A0C6753EC8}.Release|Any CPU.Build.0 = Release|Any CPU
		{0638AB71-F972-4B98-B8F2-F9FF273E618A}.Debug|Any CPU.ActiveCfg = Debug|Any CPU
		{0638AB71-F972-4B98-B8F2-F9FF273E618A}.Debug|Any CPU.Build.0 = Debug|Any CPU
		{0638AB71-F972-4B98-B8F2-F9FF273E618A}.Release|Any CPU.ActiveCfg = Release|Any CPU
		{0638AB71-F972-4B98-B8F2-F9FF273E618A}.Release|Any CPU.Build.0 = Release|Any CPU
	EndGlobalSection
	GlobalSection(SolutionProperties) = preSolution
		HideSolutionNode = FALSE
	EndGlobalSection
	GlobalSection(ExtensibilityGlobals) = postSolution
		SolutionGuid = {E5AE9505-FF8A-4F2C-B4F7-F27396E883AD}
	EndGlobalSection
EndGlobal
